
Microsoft Visual Studio Solution File, Format Version 11.00
# Visual Studio 2010
Project("{8BC9CEB8-8B4A-11D0-8D11-00A0C91BC942}") = "c", "c\c.vcxproj", "{03D8D84F-FFE8-445B-8E3D-4C7F9CE3AB05}"
EndProject
Global
	GlobalSection(SolutionConfigurationPlatforms) = preSolution
		Debug|Win32 = Debug|Win32
		Release|Win32 = Release|Win32
	EndGlobalSection
	GlobalSection(ProjectConfigurationPlatforms) = postSolution
		{03D8D84F-FFE8-445B-8E3D-4C7F9CE3AB05}.Debug|Win32.ActiveCfg = Debug|Win32
		{03D8D84F-FFE8-445B-8E3D-4C7F9CE3AB05}.Debug|Win32.Build.0 = Debug|Win32
		{03D8D84F-FFE8-445B-8E3D-4C7F9CE3AB05}.Release|Win32.ActiveCfg = Release|Win32
		{03D8D84F-FFE8-445B-8E3D-4C7F9CE3AB05}.Release|Win32.Build.0 = Release|Win32
	EndGlobalSection
	GlobalSection(SolutionProperties) = preSolution
		HideSolutionNode = FALSE
	EndGlobalSection
EndGlobal
